
Microsoft Visual Studio Solution File, Format Version 12.00
# Visual Studio Version 17
VisualStudioVersion = 17.3.32901.215
MinimumVisualStudioVersion = 10.0.40219.1
Project("{FAE04EC0-301F-11D3-BF4B-00C04F79EFBC}") = "eyewear-store-management-system-ui", "eyewear-store-management-system\eyewear-store-management-system-ui.csproj", "{27342050-CCA7-463C-8164-927773209B9A}"
EndProject
Project("{FAE04EC0-301F-11D3-BF4B-00C04F79EFBC}") = "DAL", "DAL\DAL.csproj", "{8C75E7A1-200C-4B47-BB61-FD070E4D46F7}"
EndProject
Project("{FAE04EC0-301F-11D3-BF4B-00C04F79EFBC}") = "BLL", "BLL\BLL.csproj", "{634FC1BC-6022-49EC-B019-1F6AC1E3802E}"
EndProject
Global
	GlobalSection(SolutionConfigurationPlatforms) = preSolution
		Debug|Any CPU = Debug|Any CPU
		Release|Any CPU = Release|Any CPU
	EndGlobalSection
	GlobalSection(ProjectConfigurationPlatforms) = postSolution
		{27342050-CCA7-463C-8164-927773209B9A}.Debug|Any CPU.ActiveCfg = Debug|Any CPU
		{27342050-CCA7-463C-8164-927773209B9A}.Debug|Any CPU.Build.0 = Debug|Any CPU
		{27342050-CCA7-463C-8164-927773209B9A}.Release|Any CPU.ActiveCfg = Release|Any CPU
		{27342050-CCA7-463C-8164-927773209B9A}.Release|Any CPU.Build.0 = Release|Any CPU
		{8C75E7A1-200C-4B47-BB61-FD070E4D46F7}.Debug|Any CPU.ActiveCfg = Debug|Any CPU
		{8C75E7A1-200C-4B47-BB61-FD070E4D46F7}.Debug|Any CPU.Build.0 = Debug|Any CPU
		{8C75E7A1-200C-4B47-BB61-FD070E4D46F7}.Release|Any CPU.ActiveCfg = Release|Any CPU
		{8C75E7A1-200C-4B47-BB61-FD070E4D46F7}.Release|Any CPU.Build.0 = Release|Any CPU
		{634FC1BC-6022-49EC-B019-1F6AC1E3802E}.Debug|Any CPU.ActiveCfg = Debug|Any CPU
		{634FC1BC-6022-49EC-B019-1F6AC1E3802E}.Debug|Any CPU.Build.0 = Debug|Any CPU
		{634FC1BC-6022-49EC-B019-1F6AC1E3802E}.Release|Any CPU.ActiveCfg = Release|Any CPU
		{634FC1BC-6022-49EC-B019-1F6AC1E3802E}.Release|Any CPU.Build.0 = Release|Any CPU
	EndGlobalSection
	GlobalSection(SolutionProperties) = preSolution
		HideSolutionNode = FALSE
	EndGlobalSection
	GlobalSection(ExtensibilityGlobals) = postSolution
		SolutionGuid = {31496897-40A2-407F-88F0-63EE1F5BAAE6}
	EndGlobalSection
EndGlobal
